// !$*UTF8*$!
{
	archiveVersion = 1;
	classes = {
	};
	objectVersion = 50;
	objects = {

/* Begin PBXBuildFile section */
		244AA8BC21C8C8B800191059 /* AppDelegate.swift in Sources */ = {isa = PBXBuildFile; fileRef = 244AA8BB21C8C8B800191059 /* AppDelegate.swift */; };
		244AA8BE21C8C8B900191059 /* ViewController.swift in Sources */ = {isa = PBXBuildFile; fileRef = 244AA8BD21C8C8B900191059 /* ViewController.swift */; };
		244AA8C121C8C8B900191059 /* Main.storyboard in Resources */ = {isa = PBXBuildFile; fileRef = 244AA8BF21C8C8B900191059 /* Main.storyboard */; };
		244AA8C321C8C8BA00191059 /* Assets.xcassets in Resources */ = {isa = PBXBuildFile; fileRef = 244AA8C221C8C8BA00191059 /* Assets.xcassets */; };
		244AA8C621C8C8BA00191059 /* LaunchScreen.storyboard in Resources */ = {isa = PBXBuildFile; fileRef = 244AA8C421C8C8BA00191059 /* LaunchScreen.storyboard */; };
		244AA8D121C8C8BA00191059 /* Code_FirebaseTests.swift in Sources */ = {isa = PBXBuildFile; fileRef = 244AA8D021C8C8BA00191059 /* Code_FirebaseTests.swift */; };
		244AA8DC21C8C8BA00191059 /* Code_FirebaseUITests.swift in Sources */ = {isa = PBXBuildFile; fileRef = 244AA8DB21C8C8BA00191059 /* Code_FirebaseUITests.swift */; };
		24D7C68421DC5F3B000A264F /* GoogleService-Info.plist in Resources */ = {isa = PBXBuildFile; fileRef = 24D7C68321DC5F3B000A264F /* GoogleService-Info.plist */; };
		414902A566764D542AC4ACF6 /* libPods-Code-Firebase.a in Frameworks */ = {isa = PBXBuildFile; fileRef = C853AC652AAB0D3B3F7E8B98 /* libPods-Code-Firebase.a */; };
		E45DCD5974352C64DC98377D /* libPods-Code-FirebaseUITests.a in Frameworks */ = {isa = PBXBuildFile; fileRef = 9AB8EBE3115BCFA03408FD9E /* libPods-Code-FirebaseUITests.a */; };
		FC1749A8EC6B1A0BE1014ADE /* libPods-Code-FirebaseTests.a in Frameworks */ = {isa = PBXBuildFile; fileRef = 8105B75FCFB7C3962AA1255A /* libPods-Code-FirebaseTests.a */; };
/* End PBXBuildFile section */

/* Begin PBXContainerItemProxy section */
		244AA8CD21C8C8BA00191059 /* PBXContainerItemProxy */ = {
			isa = PBXContainerItemProxy;
			containerPortal = 244AA8B021C8C8B800191059 /* Project object */;
			proxyType = 1;
			remoteGlobalIDString = 244AA8B721C8C8B800191059;
			remoteInfo = "Code-Firebase";
		};
		244AA8D821C8C8BA00191059 /* PBXContainerItemProxy */ = {
			isa = PBXContainerItemProxy;
			containerPortal = 244AA8B021C8C8B800191059 /* Project object */;
			proxyType = 1;
			remoteGlobalIDString = 244AA8B721C8C8B800191059;
			remoteInfo = "Code-Firebase";
		};
/* End PBXContainerItemProxy section */

/* Begin PBXFileReference section */
		232190ABDBBD4DF3D48804CE /* Pods-Code-FirebaseUITests.release.xcconfig */ = {isa = PBXFileReference; includeInIndex = 1; lastKnownFileType = text.xcconfig; name = "Pods-Code-FirebaseUITests.release.xcconfig"; path = "Pods/Target Support Files/Pods-Code-FirebaseUITests/Pods-Code-FirebaseUITests.release.xcconfig"; sourceTree = "<group>"; };
		244AA8B821C8C8B800191059 /* Code-Firebase.app */ = {isa = PBXFileReference; explicitFileType = wrapper.application; includeInIndex = 0; path = "Code-Firebase.app"; sourceTree = BUILT_PRODUCTS_DIR; };
		244AA8BB21C8C8B800191059 /* AppDelegate.swift */ = {isa = PBXFileReference; lastKnownFileType = sourcecode.swift; path = AppDelegate.swift; sourceTree = "<group>"; };
		244AA8BD21C8C8B900191059 /* ViewController.swift */ = {isa = PBXFileReference; lastKnownFileType = sourcecode.swift; path = ViewController.swift; sourceTree = "<group>"; };
		244AA8C021C8C8B900191059 /* Base */ = {isa = PBXFileReference; lastKnownFileType = file.storyboard; name = Base; path = Base.lproj/Main.storyboard; sourceTree = "<group>"; };
		244AA8C221C8C8BA00191059 /* Assets.xcassets */ = {isa = PBXFileReference; lastKnownFileType = folder.assetcatalog; path = Assets.xcassets; sourceTree = "<group>"; };
		244AA8C521C8C8BA00191059 /* Base */ = {isa = PBXFileReference; lastKnownFileType = file.storyboard; name = Base; path = Base.lproj/LaunchScreen.storyboard; sourceTree = "<group>"; };
		244AA8C721C8C8BA00191059 /* Info.plist */ = {isa = PBXFileReference; lastKnownFileType = text.plist.xml; path = Info.plist; sourceTree = "<group>"; };
		244AA8CC21C8C8BA00191059 /* Code-FirebaseTests.xctest */ = {isa = PBXFileReference; explicitFileType = wrapper.cfbundle; includeInIndex = 0; path = "Code-FirebaseTests.xctest"; sourceTree = BUILT_PRODUCTS_DIR; };
		244AA8D021C8C8BA00191059 /* Code_FirebaseTests.swift */ = {isa = PBXFileReference; lastKnownFileType = sourcecode.swift; path = Code_FirebaseTests.swift; sourceTree = "<group>"; };
		244AA8D221C8C8BA00191059 /* Info.plist */ = {isa = PBXFileReference; lastKnownFileType = text.plist.xml; path = Info.plist; sourceTree = "<group>"; };
		244AA8D721C8C8BA00191059 /* Code-FirebaseUITests.xctest */ = {isa = PBXFileReference; explicitFileType = wrapper.cfbundle; includeInIndex = 0; path = "Code-FirebaseUITests.xctest"; sourceTree = BUILT_PRODUCTS_DIR; };
		244AA8DB21C8C8BA00191059 /* Code_FirebaseUITests.swift */ = {isa = PBXFileReference; lastKnownFileType = sourcecode.swift; path = Code_FirebaseUITests.swift; sourceTree = "<group>"; };
		244AA8DD21C8C8BA00191059 /* Info.plist */ = {isa = PBXFileReference; lastKnownFileType = text.plist.xml; path = Info.plist; sourceTree = "<group>"; };
		24D7C68321DC5F3B000A264F /* GoogleService-Info.plist */ = {isa = PBXFileReference; fileEncoding = 4; lastKnownFileType = text.plist.xml; path = "GoogleService-Info.plist"; sourceTree = "<group>"; };
		65CFA1EAA4EB9BE1AF56D58B /* Pods-Code-FirebaseUITests.debug.xcconfig */ = {isa = PBXFileReference; includeInIndex = 1; lastKnownFileType = text.xcconfig; name = "Pods-Code-FirebaseUITests.debug.xcconfig"; path = "Pods/Target Support Files/Pods-Code-FirebaseUITests/Pods-Code-FirebaseUITests.debug.xcconfig"; sourceTree = "<group>"; };
		8105B75FCFB7C3962AA1255A /* libPods-Code-FirebaseTests.a */ = {isa = PBXFileReference; explicitFileType = archive.ar; includeInIndex = 0; path = "libPods-Code-FirebaseTests.a"; sourceTree = BUILT_PRODUCTS_DIR; };
		8BB27B8D111F02DF57465CA3 /* Pods-Code-FirebaseTests.release.xcconfig */ = {isa = PBXFileReference; includeInIndex = 1; lastKnownFileType = text.xcconfig; name = "Pods-Code-FirebaseTests.release.xcconfig"; path = "Pods/Target Support Files/Pods-Code-FirebaseTests/Pods-Code-FirebaseTests.release.xcconfig"; sourceTree = "<group>"; };
		9AB8EBE3115BCFA03408FD9E /* libPods-Code-FirebaseUITests.a */ = {isa = PBXFileReference; explicitFileType = archive.ar; includeInIndex = 0; path = "libPods-Code-FirebaseUITests.a"; sourceTree = BUILT_PRODUCTS_DIR; };
		9C3EF134F1D13C2BEB935112 /* Pods-Code-Firebase.release.xcconfig */ = {isa = PBXFileReference; includeInIndex = 1; lastKnownFileType = text.xcconfig; name = "Pods-Code-Firebase.release.xcconfig"; path = "Pods/Target Support Files/Pods-Code-Firebase/Pods-Code-Firebase.release.xcconfig"; sourceTree = "<group>"; };
		AF4E594CA2468B839508699A /* Pods-Code-FirebaseTests.debug.xcconfig */ = {isa = PBXFileReference; includeInIndex = 1; lastKnownFileType = text.xcconfig; name = "Pods-Code-FirebaseTests.debug.xcconfig"; path = "Pods/Target Support Files/Pods-Code-FirebaseTests/Pods-Code-FirebaseTests.debug.xcconfig"; sourceTree = "<group>"; };
		C853AC652AAB0D3B3F7E8B98 /* libPods-Code-Firebase.a */ = {isa = PBXFileReference; explicitFileType = archive.ar; includeInIndex = 0; path = "libPods-Code-Firebase.a"; sourceTree = BUILT_PRODUCTS_DIR; };
		E6FCF40D3232DAC66D161707 /* Pods-Code-Firebase.debug.xcconfig */ = {isa = PBXFileReference; includeInIndex = 1; lastKnownFileType = text.xcconfig; name = "Pods-Code-Firebase.debug.xcconfig"; path = "Pods/Target Support Files/Pods-Code-Firebase/Pods-Code-Firebase.debug.xcconfig"; sourceTree = "<group>"; };
/* End PBXFileReference section */

/* Begin PBXFrameworksBuildPhase section */
		244AA8B521C8C8B800191059 /* Frameworks */ = {
			isa = PBXFrameworksBuildPhase;
			buildActionMask = 2147483647;
			files = (
				414902A566764D542AC4ACF6 /* libPods-Code-Firebase.a in Frameworks */,
			);
			runOnlyForDeploymentPostprocessing = 0;
		};
		244AA8C921C8C8BA00191059 /* Frameworks */ = {
			isa = PBXFrameworksBuildPhase;
			buildActionMask = 2147483647;
			files = (
				FC1749A8EC6B1A0BE1014ADE /* libPods-Code-FirebaseTests.a in Frameworks */,
			);
			runOnlyForDeploymentPostprocessing = 0;
		};
		244AA8D421C8C8BA00191059 /* Frameworks */ = {
			isa = PBXFrameworksBuildPhase;
			buildActionMask = 2147483647;
			files = (
				E45DCD5974352C64DC98377D /* libPods-Code-FirebaseUITests.a in Frameworks */,
			);
			runOnlyForDeploymentPostprocessing = 0;
		};
/* End PBXFrameworksBuildPhase section */

/* Begin PBXGroup section */
		244AA8AF21C8C8B800191059 = {
			isa = PBXGroup;
			children = (
				244AA8BA21C8C8B800191059 /* Code-Firebase */,
				244AA8CF21C8C8BA00191059 /* Code-FirebaseTests */,
				244AA8DA21C8C8BA00191059 /* Code-FirebaseUITests */,
				244AA8B921C8C8B800191059 /* Products */,
				9BB66065CF8153AC2D2DFEAA /* Pods */,
				436B1AE90C94B6C31D64E780 /* Frameworks */,
			);
			sourceTree = "<group>";
		};
		244AA8B921C8C8B800191059 /* Products */ = {
			isa = PBXGroup;
			children = (
				244AA8B821C8C8B800191059 /* Code-Firebase.app */,
				244AA8CC21C8C8BA00191059 /* Code-FirebaseTests.xctest */,
				244AA8D721C8C8BA00191059 /* Code-FirebaseUITests.xctest */,
			);
			name = Products;
			sourceTree = "<group>";
		};
		244AA8BA21C8C8B800191059 /* Code-Firebase */ = {
			isa = PBXGroup;
			children = (
				244AA8BB21C8C8B800191059 /* AppDelegate.swift */,
				244AA8BD21C8C8B900191059 /* ViewController.swift */,
				244AA8BF21C8C8B900191059 /* Main.storyboard */,
				244AA8C221C8C8BA00191059 /* Assets.xcassets */,
				244AA8C421C8C8BA00191059 /* LaunchScreen.storyboard */,
				244AA8C721C8C8BA00191059 /* Info.plist */,
				24D7C68321DC5F3B000A264F /* GoogleService-Info.plist */,
			);
			path = "Code-Firebase";
			sourceTree = "<group>";
		};
		244AA8CF21C8C8BA00191059 /* Code-FirebaseTests */ = {
			isa = PBXGroup;
			children = (
				244AA8D021C8C8BA00191059 /* Code_FirebaseTests.swift */,
				244AA8D221C8C8BA00191059 /* Info.plist */,
			);
			path = "Code-FirebaseTests";
			sourceTree = "<group>";
		};
		244AA8DA21C8C8BA00191059 /* Code-FirebaseUITests */ = {
			isa = PBXGroup;
			children = (
				244AA8DB21C8C8BA00191059 /* Code_FirebaseUITests.swift */,
				244AA8DD21C8C8BA00191059 /* Info.plist */,
			);
			path = "Code-FirebaseUITests";
			sourceTree = "<group>";
		};
		436B1AE90C94B6C31D64E780 /* Frameworks */ = {
			isa = PBXGroup;
			children = (
				C853AC652AAB0D3B3F7E8B98 /* libPods-Code-Firebase.a */,
				8105B75FCFB7C3962AA1255A /* libPods-Code-FirebaseTests.a */,
				9AB8EBE3115BCFA03408FD9E /* libPods-Code-FirebaseUITests.a */,
			);
			name = Frameworks;
			sourceTree = "<group>";
		};
		9BB66065CF8153AC2D2DFEAA /* Pods */ = {
			isa = PBXGroup;
			children = (
				E6FCF40D3232DAC66D161707 /* Pods-Code-Firebase.debug.xcconfig */,
				9C3EF134F1D13C2BEB935112 /* Pods-Code-Firebase.release.xcconfig */,
				AF4E594CA2468B839508699A /* Pods-Code-FirebaseTests.debug.xcconfig */,
				8BB27B8D111F02DF57465CA3 /* Pods-Code-FirebaseTests.release.xcconfig */,
				65CFA1EAA4EB9BE1AF56D58B /* Pods-Code-FirebaseUITests.debug.xcconfig */,
				232190ABDBBD4DF3D48804CE /* Pods-Code-FirebaseUITests.release.xcconfig */,
			);
			name = Pods;
			sourceTree = "<group>";
		};
/* End PBXGroup section */

/* Begin PBXNativeTarget section */
		244AA8B721C8C8B800191059 /* Code-Firebase */ = {
			isa = PBXNativeTarget;
			buildConfigurationList = 244AA8E021C8C8BB00191059 /* Build configuration list for PBXNativeTarget "Code-Firebase" */;
			buildPhases = (
				D87CB9B57FF567D07ED7846D /* [CP] Check Pods Manifest.lock */,
				244AA8B421C8C8B800191059 /* Sources */,
				244AA8B521C8C8B800191059 /* Frameworks */,
				244AA8B621C8C8B800191059 /* Resources */,
				244AA8EB21C8D70A00191059 /* ShellScript */,
			);
			buildRules = (
			);
			dependencies = (
			);
			name = "Code-Firebase";
			productName = "Code-Firebase";
			productReference = 244AA8B821C8C8B800191059 /* Code-Firebase.app */;
			productType = "com.apple.product-type.application";
		};
		244AA8CB21C8C8BA00191059 /* Code-FirebaseTests */ = {
			isa = PBXNativeTarget;
			buildConfigurationList = 244AA8E321C8C8BB00191059 /* Build configuration list for PBXNativeTarget "Code-FirebaseTests" */;
			buildPhases = (
				4682FBE13A6BB292F7FBC85C /* [CP] Check Pods Manifest.lock */,
				244AA8C821C8C8BA00191059 /* Sources */,
				244AA8C921C8C8BA00191059 /* Frameworks */,
				244AA8CA21C8C8BA00191059 /* Resources */,
			);
			buildRules = (
			);
			dependencies = (
				244AA8CE21C8C8BA00191059 /* PBXTargetDependency */,
			);
			name = "Code-FirebaseTests";
			productName = "Code-FirebaseTests";
			productReference = 244AA8CC21C8C8BA00191059 /* Code-FirebaseTests.xctest */;
			productType = "com.apple.product-type.bundle.unit-test";
		};
		244AA8D621C8C8BA00191059 /* Code-FirebaseUITests */ = {
			isa = PBXNativeTarget;
			buildConfigurationList = 244AA8E621C8C8BB00191059 /* Build configuration list for PBXNativeTarget "Code-FirebaseUITests" */;
			buildPhases = (
				70779030C0027C0DCA0B2C27 /* [CP] Check Pods Manifest.lock */,
				244AA8D321C8C8BA00191059 /* Sources */,
				244AA8D421C8C8BA00191059 /* Frameworks */,
				244AA8D521C8C8BA00191059 /* Resources */,
			);
			buildRules = (
			);
			dependencies = (
				244AA8D921C8C8BA00191059 /* PBXTargetDependency */,
			);
			name = "Code-FirebaseUITests";
			productName = "Code-FirebaseUITests";
			productReference = 244AA8D721C8C8BA00191059 /* Code-FirebaseUITests.xctest */;
			productType = "com.apple.product-type.bundle.ui-testing";
		};
/* End PBXNativeTarget section */

/* Begin PBXProject section */
		244AA8B021C8C8B800191059 /* Project object */ = {
			isa = PBXProject;
			attributes = {
				LastSwiftUpdateCheck = 1010;
				LastUpgradeCheck = 1010;
				ORGANIZATIONNAME = "Tony Song";
				TargetAttributes = {
					244AA8B721C8C8B800191059 = {
						CreatedOnToolsVersion = 10.1;
					};
					244AA8CB21C8C8BA00191059 = {
						CreatedOnToolsVersion = 10.1;
						TestTargetID = 244AA8B721C8C8B800191059;
					};
					244AA8D621C8C8BA00191059 = {
						CreatedOnToolsVersion = 10.1;
						TestTargetID = 244AA8B721C8C8B800191059;
					};
				};
			};
			buildConfigurationList = 244AA8B321C8C8B800191059 /* Build configuration list for PBXProject "Code-Firebase" */;
			compatibilityVersion = "Xcode 9.3";
			developmentRegion = en;
			hasScannedForEncodings = 0;
			knownRegions = (
				en,
				Base,
			);
			mainGroup = 244AA8AF21C8C8B800191059;
			productRefGroup = 244AA8B921C8C8B800191059 /* Products */;
			projectDirPath = "";
			projectRoot = "";
			targets = (
				244AA8B721C8C8B800191059 /* Code-Firebase */,
				244AA8CB21C8C8BA00191059 /* Code-FirebaseTests */,
				244AA8D621C8C8BA00191059 /* Code-FirebaseUITests */,
			);
		};
/* End PBXProject section */

/* Begin PBXResourcesBuildPhase section */
		244AA8B621C8C8B800191059 /* Resources */ = {
			isa = PBXResourcesBuildPhase;
			buildActionMask = 2147483647;
			files = (
				244AA8C621C8C8BA00191059 /* LaunchScreen.storyboard in Resources */,
				24D7C68421DC5F3B000A264F /* GoogleService-Info.plist in Resources */,
				244AA8C321C8C8BA00191059 /* Assets.xcassets in Resources */,
				244AA8C121C8C8B900191059 /* Main.storyboard in Resources */,
			);
			runOnlyForDeploymentPostprocessing = 0;
		};
		244AA8CA21C8C8BA00191059 /* Resources */ = {
			isa = PBXResourcesBuildPhase;
			buildActionMask = 2147483647;
			files = (
			);
			runOnlyForDeploymentPostprocessing = 0;
		};
		244AA8D521C8C8BA00191059 /* Resources */ = {
			isa = PBXResourcesBuildPhase;
			buildActionMask = 2147483647;
			files = (
			);
			runOnlyForDeploymentPostprocessing = 0;
		};
/* End PBXResourcesBuildPhase section */

/* Begin PBXShellScriptBuildPhase section */
		244AA8EB21C8D70A00191059 /* ShellScript */ = {
			isa = PBXShellScriptBuildPhase;
			buildActionMask = 8;
			files = (
			);
			inputFileListPaths = (
			);
			inputPaths = (
				"$(BUILT_PRODUCTS_DIR)/$(INFOPLIST_PATH)",
			);
			outputFileListPaths = (
			);
			outputPaths = (
			);
			runOnlyForDeploymentPostprocessing = 1;
			shellPath = /bin/sh;
			shellScript = "\"${PODS_ROOT}/Fabric/run\"\n\n";
		};
		4682FBE13A6BB292F7FBC85C /* [CP] Check Pods Manifest.lock */ = {
			isa = PBXShellScriptBuildPhase;
			buildActionMask = 2147483647;
			files = (
			);
			inputPaths = (
				"${PODS_PODFILE_DIR_PATH}/Podfile.lock",
				"${PODS_ROOT}/Manifest.lock",
			);
			name = "[CP] Check Pods Manifest.lock";
			outputPaths = (
				"$(DERIVED_FILE_DIR)/Pods-Code-FirebaseTests-checkManifestLockResult.txt",
			);
			runOnlyForDeploymentPostprocessing = 0;
			shellPath = /bin/sh;
			shellScript = "diff \"${PODS_PODFILE_DIR_PATH}/Podfile.lock\" \"${PODS_ROOT}/Manifest.lock\" > /dev/null\nif [ $? != 0 ] ; then\n    # print error to STDERR\n    echo \"error: The sandbox is not in sync with the Podfile.lock. Run 'pod install' or update your CocoaPods installation.\" >&2\n    exit 1\nfi\n# This output is used by Xcode 'outputs' to avoid re-running this script phase.\necho \"SUCCESS\" > \"${SCRIPT_OUTPUT_FILE_0}\"\n";
			showEnvVarsInLog = 0;
		};
		70779030C0027C0DCA0B2C27 /* [CP] Check Pods Manifest.lock */ = {
			isa = PBXShellScriptBuildPhase;
			buildActionMask = 2147483647;
			files = (
			);
			inputPaths = (
				"${PODS_PODFILE_DIR_PATH}/Podfile.lock",
				"${PODS_ROOT}/Manifest.lock",
			);
			name = "[CP] Check Pods Manifest.lock";
			outputPaths = (
				"$(DERIVED_FILE_DIR)/Pods-Code-FirebaseUITests-checkManifestLockResult.txt",
			);
			runOnlyForDeploymentPostprocessing = 0;
			shellPath = /bin/sh;
			shellScript = "diff \"${PODS_PODFILE_DIR_PATH}/Podfile.lock\" \"${PODS_ROOT}/Manifest.lock\" > /dev/null\nif [ $? != 0 ] ; then\n    # print error to STDERR\n    echo \"error: The sandbox is not in sync with the Podfile.lock. Run 'pod install' or update your CocoaPods installation.\" >&2\n    exit 1\nfi\n# This output is used by Xcode 'outputs' to avoid re-running this script phase.\necho \"SUCCESS\" > \"${SCRIPT_OUTPUT_FILE_0}\"\n";
			showEnvVarsInLog = 0;
		};
		D87CB9B57FF567D07ED7846D /* [CP] Check Pods Manifest.lock */ = {
			isa = PBXShellScriptBuildPhase;
			buildActionMask = 2147483647;
			files = (
			);
			inputPaths = (
				"${PODS_PODFILE_DIR_PATH}/Podfile.lock",
				"${PODS_ROOT}/Manifest.lock",
			);
			name = "[CP] Check Pods Manifest.lock";
			outputPaths = (
				"$(DERIVED_FILE_DIR)/Pods-Code-Firebase-checkManifestLockResult.txt",
			);
			runOnlyForDeploymentPostprocessing = 0;
			shellPath = /bin/sh;
			shellScript = "diff \"${PODS_PODFILE_DIR_PATH}/Podfile.lock\" \"${PODS_ROOT}/Manifest.lock\" > /dev/null\nif [ $? != 0 ] ; then\n    # print error to STDERR\n    echo \"error: The sandbox is not in sync with the Podfile.lock. Run 'pod install' or update your CocoaPods installation.\" >&2\n    exit 1\nfi\n# This output is used by Xcode 'outputs' to avoid re-running this script phase.\necho \"SUCCESS\" > \"${SCRIPT_OUTPUT_FILE_0}\"\n";
			showEnvVarsInLog = 0;
		};
/* End PBXShellScriptBuildPhase section */

/* Begin PBXSourcesBuildPhase section */
		244AA8B421C8C8B800191059 /* Sources */ = {
			isa = PBXSourcesBuildPhase;
			buildActionMask = 2147483647;
			files = (
				244AA8BE21C8C8B900191059 /* ViewController.swift in Sources */,
				244AA8BC21C8C8B800191059 /* AppDelegate.swift in Sources */,
			);
			runOnlyForDeploymentPostprocessing = 0;
		};
		244AA8C821C8C8BA00191059 /* Sources */ = {
			isa = PBXSourcesBuildPhase;
			buildActionMask = 2147483647;
			files = (
				244AA8D121C8C8BA00191059 /* Code_FirebaseTests.swift in Sources */,
			);
			runOnlyForDeploymentPostprocessing = 0;
		};
		244AA8D321C8C8BA00191059 /* Sources */ = {
			isa = PBXSourcesBuildPhase;
			buildActionMask = 2147483647;
			files = (
				244AA8DC21C8C8BA00191059 /* Code_FirebaseUITests.swift in Sources */,
			);
			runOnlyForDeploymentPostprocessing = 0;
		};
/* End PBXSourcesBuildPhase section */

/* Begin PBXTargetDependency section */
		244AA8CE21C8C8BA00191059 /* PBXTargetDependency */ = {
			isa = PBXTargetDependency;
			target = 244AA8B721C8C8B800191059 /* Code-Firebase */;
			targetProxy = 244AA8CD21C8C8BA00191059 /* PBXContainerItemProxy */;
		};
		244AA8D921C8C8BA00191059 /* PBXTargetDependency */ = {
			isa = PBXTargetDependency;
			target = 244AA8B721C8C8B800191059 /* Code-Firebase */;
			targetProxy = 244AA8D821C8C8BA00191059 /* PBXContainerItemProxy */;
		};
/* End PBXTargetDependency section */

/* Begin PBXVariantGroup section */
		244AA8BF21C8C8B900191059 /* Main.storyboard */ = {
			isa = PBXVariantGroup;
			children = (
				244AA8C021C8C8B900191059 /* Base */,
			);
			name = Main.storyboard;
			sourceTree = "<group>";
		};
		244AA8C421C8C8BA00191059 /* LaunchScreen.storyboard */ = {
			isa = PBXVariantGroup;
			children = (
				244AA8C521C8C8BA00191059 /* Base */,
			);
			name = LaunchScreen.storyboard;
			sourceTree = "<group>";
		};
/* End PBXVariantGroup section */

/* Begin XCBuildConfiguration section */
		244AA8DE21C8C8BA00191059 /* Debug */ = {
			isa = XCBuildConfiguration;
			buildSettings = {
				ALWAYS_SEARCH_USER_PATHS = NO;
				CLANG_ANALYZER_NONNULL = YES;
				CLANG_ANALYZER_NUMBER_OBJECT_CONVERSION = YES_AGGRESSIVE;
				CLANG_CXX_LANGUAGE_STANDARD = "gnu++14";
				CLANG_CXX_LIBRARY = "libc++";
				CLANG_ENABLE_MODULES = YES;
				CLANG_ENABLE_OBJC_ARC = YES;
				CLANG_ENABLE_OBJC_WEAK = YES;
				CLANG_WARN_BLOCK_CAPTURE_AUTORELEASING = YES;
				CLANG_WARN_BOOL_CONVERSION = YES;
				CLANG_WARN_COMMA = YES;
				CLANG_WARN_CONSTANT_CONVERSION = YES;
				CLANG_WARN_DEPRECATED_OBJC_IMPLEMENTATIONS = YES;
				CLANG_WARN_DIRECT_OBJC_ISA_USAGE = YES_ERROR;
				CLANG_WARN_DOCUMENTATION_COMMENTS = YES;
				CLANG_WARN_EMPTY_BODY = YES;
				CLANG_WARN_ENUM_CONVERSION = YES;
				CLANG_WARN_INFINITE_RECURSION = YES;
				CLANG_WARN_INT_CONVERSION = YES;
				CLANG_WARN_NON_LITERAL_NULL_CONVERSION = YES;
				CLANG_WARN_OBJC_IMPLICIT_RETAIN_SELF = YES;
				CLANG_WARN_OBJC_LITERAL_CONVERSION = YES;
				CLANG_WARN_OBJC_ROOT_CLASS = YES_ERROR;
				CLANG_WARN_RANGE_LOOP_ANALYSIS = YES;
				CLANG_WARN_STRICT_PROTOTYPES = YES;
				CLANG_WARN_SUSPICIOUS_MOVE = YES;
				CLANG_WARN_UNGUARDED_AVAILABILITY = YES_AGGRESSIVE;
				CLANG_WARN_UNREACHABLE_CODE = YES;
				CLANG_WARN__DUPLICATE_METHOD_MATCH = YES;
				CODE_SIGN_IDENTITY = "iPhone Developer";
				COPY_PHASE_STRIP = NO;
				DEBUG_INFORMATION_FORMAT = dwarf;
				ENABLE_STRICT_OBJC_MSGSEND = YES;
				ENABLE_TESTABILITY = YES;
				GCC_C_LANGUAGE_STANDARD = gnu11;
				GCC_DYNAMIC_NO_PIC = NO;
				GCC_NO_COMMON_BLOCKS = YES;
				GCC_OPTIMIZATION_LEVEL = 0;
				GCC_PREPROCESSOR_DEFINITIONS = (
					"DEBUG=1",
					"$(inherited)",
				);
				GCC_WARN_64_TO_32_BIT_CONVERSION = YES;
				GCC_WARN_ABOUT_RETURN_TYPE = YES_ERROR;
				GCC_WARN_UNDECLARED_SELECTOR = YES;
				GCC_WARN_UNINITIALIZED_AUTOS = YES_AGGRESSIVE;
				GCC_WARN_UNUSED_FUNCTION = YES;
				GCC_WARN_UNUSED_VARIABLE = YES;
				IPHONEOS_DEPLOYMENT_TARGET = 12.1;
				MTL_ENABLE_DEBUG_INFO = INCLUDE_SOURCE;
				MTL_FAST_MATH = YES;
				ONLY_ACTIVE_ARCH = YES;
				SDKROOT = iphoneos;
				SWIFT_ACTIVE_COMPILATION_CONDITIONS = DEBUG;
				SWIFT_OPTIMIZATION_LEVEL = "-Onone";
			};
			name = Debug;
		};
		244AA8DF21C8C8BA00191059 /* Release */ = {
			isa = XCBuildConfiguration;
			buildSettings = {
				ALWAYS_SEARCH_USER_PATHS = NO;
				CLANG_ANALYZER_NONNULL = YES;
				CLANG_ANALYZER_NUMBER_OBJECT_CONVERSION = YES_AGGRESSIVE;
				CLANG_CXX_LANGUAGE_STANDARD = "gnu++14";
				CLANG_CXX_LIBRARY = "libc++";
				CLANG_ENABLE_MODULES = YES;
				CLANG_ENABLE_OBJC_ARC = YES;
				CLANG_ENABLE_OBJC_WEAK = YES;
				CLANG_WARN_BLOCK_CAPTURE_AUTORELEASING = YES;
				CLANG_WARN_BOOL_CONVERSION = YES;
				CLANG_WARN_COMMA = YES;
				CLANG_WARN_CONSTANT_CONVERSION = YES;
				CLANG_WARN_DEPRECATED_OBJC_IMPLEMENTATIONS = YES;
				CLANG_WARN_DIRECT_OBJC_ISA_USAGE = YES_ERROR;
				CLANG_WARN_DOCUMENTATION_COMMENTS = YES;
				CLANG_WARN_EMPTY_BODY = YES;
				CLANG_WARN_ENUM_CONVERSION = YES;
				CLANG_WARN_INFINITE_RECURSION = YES;
				CLANG_WARN_INT_CONVERSION = YES;
				CLANG_WARN_NON_LITERAL_NULL_CONVERSION = YES;
				CLANG_WARN_OBJC_IMPLICIT_RETAIN_SELF = YES;
				CLANG_WARN_OBJC_LITERAL_CONVERSION = YES;
				CLANG_WARN_OBJC_ROOT_CLASS = YES_ERROR;
				CLANG_WARN_RANGE_LOOP_ANALYSIS = YES;
				CLANG_WARN_STRICT_PROTOTYPES = YES;
				CLANG_WARN_SUSPICIOUS_MOVE = YES;
				CLANG_WARN_UNGUARDED_AVAILABILITY = YES_AGGRESSIVE;
				CLANG_WARN_UNREACHABLE_CODE = YES;
				CLANG_WARN__DUPLICATE_METHOD_MATCH = YES;
				CODE_SIGN_IDENTITY = "iPhone Developer";
				COPY_PHASE_STRIP = NO;
				DEBUG_INFORMATION_FORMAT = "dwarf-with-dsym";
				ENABLE_NS_ASSERTIONS = NO;
				ENABLE_STRICT_OBJC_MSGSEND = YES;
				GCC_C_LANGUAGE_STANDARD = gnu11;
				GCC_NO_COMMON_BLOCKS = YES;
				GCC_WARN_64_TO_32_BIT_CONVERSION = YES;
				GCC_WARN_ABOUT_RETURN_TYPE = YES_ERROR;
				GCC_WARN_UNDECLARED_SELECTOR = YES;
				GCC_WARN_UNINITIALIZED_AUTOS = YES_AGGRESSIVE;
				GCC_WARN_UNUSED_FUNCTION = YES;
				GCC_WARN_UNUSED_VARIABLE = YES;
				IPHONEOS_DEPLOYMENT_TARGET = 12.1;
				MTL_ENABLE_DEBUG_INFO = NO;
				MTL_FAST_MATH = YES;
				SDKROOT = iphoneos;
				SWIFT_COMPILATION_MODE = wholemodule;
				SWIFT_OPTIMIZATION_LEVEL = "-O";
				VALIDATE_PRODUCT = YES;
			};
			name = Release;
		};
		244AA8E121C8C8BB00191059 /* Debug */ = {
			isa = XCBuildConfiguration;
			baseConfigurationReference = E6FCF40D3232DAC66D161707 /* Pods-Code-Firebase.debug.xcconfig */;
			buildSettings = {
				ASSETCATALOG_COMPILER_APPICON_NAME = AppIcon;
				CODE_SIGN_STYLE = Automatic;
				DEBUG_INFORMATION_FORMAT = "dwarf-with-dsym";
				DEVELOPMENT_TEAM = L69EWG2AYC;
				ENABLE_BITCODE = YES;
				INFOPLIST_FILE = "Code-Firebase/Info.plist";
				IPHONEOS_DEPLOYMENT_TARGET = 12.0;
				LD_RUNPATH_SEARCH_PATHS = (
					"$(inherited)",
					"@executable_path/Frameworks",
				);
				PRODUCT_BUNDLE_IDENTIFIER = "com.tonysong.app.Code-Firebase";
				PRODUCT_NAME = "$(TARGET_NAME)";
				SWIFT_VERSION = 4.2;
				TARGETED_DEVICE_FAMILY = "1,2";
			};
			name = Debug;
		};
		244AA8E221C8C8BB00191059 /* Release */ = {
			isa = XCBuildConfiguration;
			baseConfigurationReference = 9C3EF134F1D13C2BEB935112 /* Pods-Code-Firebase.release.xcconfig */;
			buildSettings = {
				ASSETCATALOG_COMPILER_APPICON_NAME = AppIcon;
				CODE_SIGN_STYLE = Automatic;
				DEVELOPMENT_TEAM = L69EWG2AYC;
				ENABLE_BITCODE = YES;
				INFOPLIST_FILE = "Code-Firebase/Info.plist";
				IPHONEOS_DEPLOYMENT_TARGET = 12.0;
				LD_RUNPATH_SEARCH_PATHS = (
					"$(inherited)",
					"@executable_path/Frameworks",
				);
				PRODUCT_BUNDLE_IDENTIFIER = "com.tonysong.app.Code-Firebase";
				PRODUCT_NAME = "$(TARGET_NAME)";
				SWIFT_VERSION = 4.2;
				TARGETED_DEVICE_FAMILY = "1,2";
			};
			name = Release;
		};
		244AA8E421C8C8BB00191059 /* Debug */ = {
			isa = XCBuildConfiguration;
			baseConfigurationReference = AF4E594CA2468B839508699A /* Pods-Code-FirebaseTests.debug.xcconfig */;
			buildSettings = {
				ALWAYS_EMBED_SWIFT_STANDARD_LIBRARIES = YES;
				BUNDLE_LOADER = "$(TEST_HOST)";
				CODE_SIGN_STYLE = Automatic;
				DEVELOPMENT_TEAM = L69EWG2AYC;
				INFOPLIST_FILE = "Code-FirebaseTests/Info.plist";
				LD_RUNPATH_SEARCH_PATHS = (
					"$(inherited)",
					"@executable_path/Frameworks",
					"@loader_path/Frameworks",
				);
				PRODUCT_BUNDLE_IDENTIFIER = "com.tonysong.app.Code-FirebaseTests";
				PRODUCT_NAME = "$(TARGET_NAME)";
				SWIFT_VERSION = 4.2;
				TARGETED_DEVICE_FAMILY = "1,2";
				TEST_HOST = "$(BUILT_PRODUCTS_DIR)/Code-Firebase.app/Code-Firebase";
			};
			name = Debug;
		};
		244AA8E521C8C8BB00191059 /* Release */ = {
			isa = XCBuildConfiguration;
			baseConfigurationReference = 8BB27B8D111F02DF57465CA3 /* Pods-Code-FirebaseTests.release.xcconfig */;
			buildSettings = {
				ALWAYS_EMBED_SWIFT_STANDARD_LIBRARIES = YES;
				BUNDLE_LOADER = "$(TEST_HOST)";
				CODE_SIGN_STYLE = Automatic;
				DEVELOPMENT_TEAM = L69EWG2AYC;
				INFOPLIST_FILE = "Code-FirebaseTests/Info.plist";
				LD_RUNPATH_SEARCH_PATHS = (
					"$(inherited)",
					"@executable_path/Frameworks",
					"@loader_path/Frameworks",
				);
				PRODUCT_BUNDLE_IDENTIFIER = "com.tonysong.app.Code-FirebaseTests";
				PRODUCT_NAME = "$(TARGET_NAME)";
				SWIFT_VERSION = 4.2;
				TARGETED_DEVICE_FAMILY = "1,2";
				TEST_HOST = "$(BUILT_PRODUCTS_DIR)/Code-Firebase.app/Code-Firebase";
			};
			name = Release;
		};
		244AA8E721C8C8BB00191059 /* Debug */ = {
			isa = XCBuildConfiguration;
			baseConfigurationReference = 65CFA1EAA4EB9BE1AF56D58B /* Pods-Code-FirebaseUITests.debug.xcconfig */;
			buildSettings = {
				ALWAYS_EMBED_SWIFT_STANDARD_LIBRARIES = YES;
				CODE_SIGN_STYLE = Automatic;
				DEVELOPMENT_TEAM = L69EWG2AYC;
				INFOPLIST_FILE = "Code-FirebaseUITests/Info.plist";
				LD_RUNPATH_SEARCH_PATHS = (
					"$(inherited)",
					"@executable_path/Frameworks",
					"@loader_path/Frameworks",
				);
				PRODUCT_BUNDLE_IDENTIFIER = "com.tonysong.app.Code-FirebaseUITests";
				PRODUCT_NAME = "$(TARGET_NAME)";
				SWIFT_VERSION = 4.2;
				TARGETED_DEVICE_FAMILY = "1,2";
				TEST_TARGET_NAME = "Code-Firebase";
			};
			name = Debug;
		};
		244AA8E821C8C8BB00191059 /* Release */ = {
			isa = XCBuildConfiguration;
			baseConfigurationReference = 232190ABDBBD4DF3D48804CE /* Pods-Code-FirebaseUITests.release.xcconfig */;
			buildSettings = {
				ALWAYS_EMBED_SWIFT_STANDARD_LIBRARIES = YES;
				CODE_SIGN_STYLE = Automatic;
				DEVELOPMENT_TEAM = L69EWG2AYC;
				INFOPLIST_FILE = "Code-FirebaseUITests/Info.plist";
				LD_RUNPATH_SEARCH_PATHS = (
					"$(inherited)",
					"@executable_path/Frameworks",
					"@loader_path/Frameworks",
				);
				PRODUCT_BUNDLE_IDENTIFIER = "com.tonysong.app.Code-FirebaseUITests";
				PRODUCT_NAME = "$(TARGET_NAME)";
				SWIFT_VERSION = 4.2;
				TARGETED_DEVICE_FAMILY = "1,2";
				TEST_TARGET_NAME = "Code-Firebase";
			};
			name = Release;
		};
/* End XCBuildConfiguration section */

/* Begin XCConfigurationList section */
		244AA8B321C8C8B800191059 /* Build configuration list for PBXProject "Code-Firebase" */ = {
			isa = XCConfigurationList;
			buildConfigurations = (
				244AA8DE21C8C8BA00191059 /* Debug */,
				244AA8DF21C8C8BA00191059 /* Release */,
			);
			defaultConfigurationIsVisible = 0;
			defaultConfigurationName = Release;
		};
		244AA8E021C8C8BB00191059 /* Build configuration list for PBXNativeTarget "Code-Firebase" */ = {
			isa = XCConfigurationList;
			buildConfigurations = (
				244AA8E121C8C8BB00191059 /* Debug */,
				244AA8E221C8C8BB00191059 /* Release */,
			);
			defaultConfigurationIsVisible = 0;
			defaultConfigurationName = Release;
		};
		244AA8E321C8C8BB00191059 /* Build configuration list for PBXNativeTarget "Code-FirebaseTests" */ = {
			isa = XCConfigurationList;
			buildConfigurations = (
				244AA8E421C8C8BB00191059 /* Debug */,
				244AA8E521C8C8BB00191059 /* Release */,
			);
			defaultConfigurationIsVisible = 0;
			defaultConfigurationName = Release;
		};
		244AA8E621C8C8BB00191059 /* Build configuration list for PBXNativeTarget "Code-FirebaseUITests" */ = {
			isa = XCConfigurationList;
			buildConfigurations = (
				244AA8E721C8C8BB00191059 /* Debug */,
				244AA8E821C8C8BB00191059 /* Release */,
			);
			defaultConfigurationIsVisible = 0;
			defaultConfigurationName = Release;
		};
/* End XCConfigurationList section */
	};
	rootObject = 244AA8B021C8C8B800191059 /* Project object */;
}
